
Microsoft Visual Studio Solution File, Format Version 12.00
# Visual Studio Version 16
VisualStudioVersion = 16.0.31410.357
MinimumVisualStudioVersion = 10.0.40219.1
Project("{FAE04EC0-301F-11D3-BF4B-00C04F79EFBC}") = "PS_C_Sharp_Basic", "PS_C_Sharp_Basic\PS_C_Sharp_Basic.csproj", "{55832E25-F999-4B05-8449-FBDC5E57F9E2}"
EndProject
Global
	GlobalSection(SolutionConfigurationPlatforms) = preSolution
		Debug|Any CPU = Debug|Any CPU
		Release|Any CPU = Release|Any CPU
	EndGlobalSection
	GlobalSection(ProjectConfigurationPlatforms) = postSolution
		{55832E25-F999-4B05-8449-FBDC5E57F9E2}.Debug|Any CPU.ActiveCfg = Debug|Any CPU
		{55832E25-F999-4B05-8449-FBDC5E57F9E2}.Debug|Any CPU.Build.0 = Debug|Any CPU
		{55832E25-F999-4B05-8449-FBDC5E57F9E2}.Release|Any CPU.ActiveCfg = Release|Any CPU
		{55832E25-F999-4B05-8449-FBDC5E57F9E2}.Release|Any CPU.Build.0 = Release|Any CPU
	EndGlobalSection
	GlobalSection(SolutionProperties) = preSolution
		HideSolutionNode = FALSE
	EndGlobalSection
	GlobalSection(ExtensibilityGlobals) = postSolution
		SolutionGuid = {0918FCEE-3468-4998-A47E-2FADAF1249A2}
	EndGlobalSection
EndGlobal
